{
    "_readme": [
        "This file locks the dependencies of your project to a known state",
        "Read more about it at https://getcomposer.org/doc/01-basic-usage.md#composer-lock-the-lock-file",
        "This file is @generated automatically"
    ],
    "hash": "352f0a01875665c94c7abd6b129c8b4c",
    "content-hash": "9a979204cb9f8713070e5bd766780f63",
    "packages": [
        {
            "name": "bootie/bootie",
            "version": "dev-master",
            "source": {
                "type": "git",
                "url": "https://github.com/martinfree/Bootie.git",
                "reference": "9a824035066e841ae1affa34cc25bdb5312b2976"
            },
            "dist": {
                "type": "zip",
                "url": "https://api.github.com/repos/martinfree/Bootie/zipball/9a824035066e841ae1affa34cc25bdb5312b2976",
                "reference": "9a824035066e841ae1affa34cc25bdb5312b2976",
                "shasum": ""
            },
            "require": {
                "php": ">=5.3.0"
            },
            "type": "library",
            "autoload": {
                "psr-0": {
                    "Bootie": "."
                }
            },
            "notification-url": "https://packagist.org/downloads/",
            "description": "Tiny PHP 5 Web Application Framework Library",
            "time": "2015-09-29 13:18:09"
        }
    ],
    "packages-dev": [],
    "aliases": [],
    "minimum-stability": "stable",
    "stability-flags": {
        "bootie/bootie": 20
    },
    "prefer-stable": false,
    "prefer-lowest": false,
    "platform": {
        "php": ">=5.3.0"
    },
    "platform-dev": []
}
